
Microsoft Visual Studio Solution File, Format Version 12.00
# Visual Studio Version 17
VisualStudioVersion = 17.10.34928.147
MinimumVisualStudioVersion = 10.0.40219.1
Project("{FAE04EC0-301F-11D3-BF4B-00C04F79EFBC}") = "Tcp_Server", "Tcp_Server\Tcp_Server.csproj", "{D4E3D1F1-1057-49E4-A873-5F3A178C8B48}"
EndProject
Project("{FAE04EC0-301F-11D3-BF4B-00C04F79EFBC}") = "Dummy_Client", "Dummy_Client\Dummy_Client.csproj", "{375E9D9F-7EC4-4614-B906-E1984CA06D7F}"
EndProject
Project("{FAE04EC0-301F-11D3-BF4B-00C04F79EFBC}") = "Tcp_Server_Core", "Tcp_Server_Core\Tcp_Server_Core.csproj", "{AEA0335E-0D37-4D17-9A89-72F3EE1E410D}"
EndProject
Global
	GlobalSection(SolutionConfigurationPlatforms) = preSolution
		Debug|Any CPU = Debug|Any CPU
		Release|Any CPU = Release|Any CPU
	EndGlobalSection
	GlobalSection(ProjectConfigurationPlatforms) = postSolution
		{D4E3D1F1-1057-49E4-A873-5F3A178C8B48}.Debug|Any CPU.ActiveCfg = Debug|Any CPU
		{D4E3D1F1-1057-49E4-A873-5F3A178C8B48}.Debug|Any CPU.Build.0 = Debug|Any CPU
		{D4E3D1F1-1057-49E4-A873-5F3A178C8B48}.Release|Any CPU.ActiveCfg = Release|Any CPU
		{D4E3D1F1-1057-49E4-A873-5F3A178C8B48}.Release|Any CPU.Build.0 = Release|Any CPU
		{375E9D9F-7EC4-4614-B906-E1984CA06D7F}.Debug|Any CPU.ActiveCfg = Debug|Any CPU
		{375E9D9F-7EC4-4614-B906-E1984CA06D7F}.Debug|Any CPU.Build.0 = Debug|Any CPU
		{375E9D9F-7EC4-4614-B906-E1984CA06D7F}.Release|Any CPU.ActiveCfg = Release|Any CPU
		{375E9D9F-7EC4-4614-B906-E1984CA06D7F}.Release|Any CPU.Build.0 = Release|Any CPU
		{AEA0335E-0D37-4D17-9A89-72F3EE1E410D}.Debug|Any CPU.ActiveCfg = Debug|Any CPU
		{AEA0335E-0D37-4D17-9A89-72F3EE1E410D}.Debug|Any CPU.Build.0 = Debug|Any CPU
		{AEA0335E-0D37-4D17-9A89-72F3EE1E410D}.Release|Any CPU.ActiveCfg = Release|Any CPU
		{AEA0335E-0D37-4D17-9A89-72F3EE1E410D}.Release|Any CPU.Build.0 = Release|Any CPU
	EndGlobalSection
	GlobalSection(SolutionProperties) = preSolution
		HideSolutionNode = FALSE
	EndGlobalSection
	GlobalSection(ExtensibilityGlobals) = postSolution
		SolutionGuid = {119F11DC-E0FA-4357-B4AC-C3748CC126B9}
	EndGlobalSection
EndGlobal
